PODS:
  - KFXAbstracts (0.3.0):
    - KFXAdditions
    - SVProgressHUD
  - KFXAdditions (0.36.0)
  - SVProgressHUD (2.1.2)

DEPENDENCIES:
  - KFXAbstracts (from `../`)
  - KFXAdditions
  - SVProgressHUD

EXTERNAL SOURCES:
  KFXAbstracts:
    :path: "../"

SPEC CHECKSUMS:
  KFXAbstracts: df92ddb6cfb63b77f21c3c42fb03961365c09238
  KFXAdditions: 371560b0199a420e8a9a44e02e2e4c2e10ebc0bc
  SVProgressHUD: c404a55d78acbeb7ebb78b76d3faf986475a6994

PODFILE CHECKSUM: aa4302b17cc292f985bfaa13ae9e30531120f190

COCOAPODS: 1.2.1
